
Microsoft Visual Studio Solution File, Format Version 12.00
# Visual Studio Version 17
VisualStudioVersion = 17.9.34728.123
MinimumVisualStudioVersion = 10.0.40219.1
Project("{FAE04EC0-301F-11D3-BF4B-00C04F79EFBC}") = "dcit318-assignment1-10969969", "dcit318-assignment1-10969969\dcit318-assignment1-10969969.csproj", "{A231C209-0E8B-49FB-BD3C-19FEC0E727EA}"
EndProject
Global
	GlobalSection(SolutionConfigurationPlatforms) = preSolution
		Debug|Any CPU = Debug|Any CPU
		Release|Any CPU = Release|Any CPU
	EndGlobalSection
	GlobalSection(ProjectConfigurationPlatforms) = postSolution
		{A231C209-0E8B-49FB-BD3C-19FEC0E727EA}.Debug|Any CPU.ActiveCfg = Debug|Any CPU
		{A231C209-0E8B-49FB-BD3C-19FEC0E727EA}.Debug|Any CPU.Build.0 = Debug|Any CPU
		{A231C209-0E8B-49FB-BD3C-19FEC0E727EA}.Release|Any CPU.ActiveCfg = Release|Any CPU
		{A231C209-0E8B-49FB-BD3C-19FEC0E727EA}.Release|Any CPU.Build.0 = Release|Any CPU
	EndGlobalSection
	GlobalSection(SolutionProperties) = preSolution
		HideSolutionNode = FALSE
	EndGlobalSection
	GlobalSection(ExtensibilityGlobals) = postSolution
		SolutionGuid = {3FB257E6-0924-4610-B41B-EA548AD6C95C}
	EndGlobalSection
EndGlobal
